dependencies:
- name: cluster
  repository: https://cloudnative-pg.github.io/charts
  version: 0.9.0
- name: valkey
  repository: https://valkey.io/valkey-helm/
  version: 0.12.0
- name: mercure
  repository: https://charts.mercure.rocks
  version: 1.0.4
- name: meilisearch
  repository: https://meilisearch.github.io/meilisearch-kubernetes
  version: 0.40.0
- name: maildev
  repository: https://thomassamson.github.io/helm-maildev/
  version: 0.5.0
digest: sha256:87c620e2674693fce36e030a3487b380e2d4974e34c30c56c67e425204824d20
generated: "2026-10-08T15:36:19.74270973+02:00"
